
Microsoft Visual Studio Solution File, Format Version 12.00
# Visual Studio Version 16
VisualStudioVersion = 16.0.31129.286
MinimumVisualStudioVersion = 10.0.40219.1
Project("{FAE04EC0-301F-11D3-BF4B-00C04F79EFBC}") = "nckr.PowerPlatform.IsvHub.Solution", "nckr.PowerPlatform.IsvHub.Solution\nckr.PowerPlatform.IsvHub.Solution.csproj", "{0D9BF408-5ACA-4628-924F-0FFB2B6B08E4}"
EndProject
Global
	GlobalSection(SolutionConfigurationPlatforms) = preSolution
		Debug|Any CPU = Debug|Any CPU
		Release|Any CPU = Release|Any CPU
	EndGlobalSection
	GlobalSection(ProjectConfigurationPlatforms) = postSolution
		{0D9BF408-5ACA-4628-924F-0FFB2B6B08E4}.Debug|Any CPU.ActiveCfg = Debug|Any CPU
		{0D9BF408-5ACA-4628-924F-0FFB2B6B08E4}.Debug|Any CPU.Build.0 = Debug|Any CPU
		{0D9BF408-5ACA-4628-924F-0FFB2B6B08E4}.Release|Any CPU.ActiveCfg = Release|Any CPU
		{0D9BF408-5ACA-4628-924F-0FFB2B6B08E4}.Release|Any CPU.Build.0 = Release|Any CPU
	EndGlobalSection
	GlobalSection(SolutionProperties) = preSolution
		HideSolutionNode = FALSE
	EndGlobalSection
	GlobalSection(ExtensibilityGlobals) = postSolution
		SolutionGuid = {62E162E8-265D-49A5-8C40-A8740AD1772D}
	EndGlobalSection
EndGlobal
